// !$*UTF8*$!
{
	archiveVersion = 1;
	classes = {
	};
	objectVersion = 50;
	objects = {

/* Begin PBXBuildFile section */
		D0FBD6C3248E51D00050A1D9 /* AppDelegate.swift in Sources */ = {isa = PBXBuildFile; fileRef = D0FBD6C2248E51D00050A1D9 /* AppDelegate.swift */; };
		D0FBD6C5248E51D00050A1D9 /* SceneDelegate.swift in Sources */ = {isa = PBXBuildFile; fileRef = D0FBD6C4248E51D00050A1D9 /* SceneDelegate.swift */; };
		D0FBD6C7248E51D00050A1D9 /* ViewController.swift in Sources */ = {isa = PBXBuildFile; fileRef = D0FBD6C6248E51D00050A1D9 /* ViewController.swift */; };
		D0FBD6CA248E51D00050A1D9 /* Main.storyboard in Resources */ = {isa = PBXBuildFile; fileRef = D0FBD6C8248E51D00050A1D9 /* Main.storyboard */; };
		D0FBD6CC248E51D30050A1D9 /* Assets.xcassets in Resources */ = {isa = PBXBuildFile; fileRef = D0FBD6CB248E51D30050A1D9 /* Assets.xcassets */; };
		D0FBD6CF248E51D30050A1D9 /* LaunchScreen.storyboard in Resources */ = {isa = PBXBuildFile; fileRef = D0FBD6CD248E51D30050A1D9 /* LaunchScreen.storyboard */; };
		D0FBD6DD248E527F0050A1D9 /* ReplayKit.framework in Frameworks */ = {isa = PBXBuildFile; fileRef = D0FBD6DC248E527E0050A1D9 /* ReplayKit.framework */; };
		D0FBD6E0248E527F0050A1D9 /* SampleHandler.swift in Sources */ = {isa = PBXBuildFile; fileRef = D0FBD6DF248E527F0050A1D9 /* SampleHandler.swift */; };
		D0FBD6E4248E527F0050A1D9 /* ScreenRecorderExtension.appex in Embed App Extensions */ = {isa = PBXBuildFile; fileRef = D0FBD6DA248E527E0050A1D9 /* ScreenRecorderExtension.appex */; settings = {ATTRIBUTES = (RemoveHeadersOnCopy, ); }; };
/* End PBXBuildFile section */

/* Begin PBXContainerItemProxy section */
		D0FBD6E2248E527F0050A1D9 /* PBXContainerItemProxy */ = {
			isa = PBXContainerItemProxy;
			containerPortal = D0FBD6B7248E51D00050A1D9 /* Project object */;
			proxyType = 1;
			remoteGlobalIDString = D0FBD6D9248E527E0050A1D9;
			remoteInfo = ScreenRecorderExtension;
		};
/* End PBXContainerItemProxy section */

/* Begin PBXCopyFilesBuildPhase section */
		D0FBD6E8248E527F0050A1D9 /* Embed App Extensions */ = {
			isa = PBXCopyFilesBuildPhase;
			buildActionMask = 2147483647;
			dstPath = "";
			dstSubfolderSpec = 13;
			files = (
				D0FBD6E4248E527F0050A1D9 /* ScreenRecorderExtension.appex in Embed App Extensions */,
			);
			name = "Embed App Extensions";
			runOnlyForDeploymentPostprocessing = 0;
		};
/* End PBXCopyFilesBuildPhase section */

/* Begin PBXFileReference section */
		D0FBD6BF248E51D00050A1D9 /* ScreenRecorderTest.app */ = {isa = PBXFileReference; explicitFileType = wrapper.application; includeInIndex = 0; path = ScreenRecorderTest.app; sourceTree = BUILT_PRODUCTS_DIR; };
		D0FBD6C2248E51D00050A1D9 /* AppDelegate.swift */ = {isa = PBXFileReference; lastKnownFileType = sourcecode.swift; path = AppDelegate.swift; sourceTree = "<group>"; };
		D0FBD6C4248E51D00050A1D9 /* SceneDelegate.swift */ = {isa = PBXFileReference; lastKnownFileType = sourcecode.swift; path = SceneDelegate.swift; sourceTree = "<group>"; };
		D0FBD6C6248E51D00050A1D9 /* ViewController.swift */ = {isa = PBXFileReference; lastKnownFileType = sourcecode.swift; path = ViewController.swift; sourceTree = "<group>"; };
		D0FBD6C9248E51D00050A1D9 /* Base */ = {isa = PBXFileReference; lastKnownFileType = file.storyboard; name = Base; path = Base.lproj/Main.storyboard; sourceTree = "<group>"; };
		D0FBD6CB248E51D30050A1D9 /* Assets.xcassets */ = {isa = PBXFileReference; lastKnownFileType = folder.assetcatalog; path = Assets.xcassets; sourceTree = "<group>"; };
		D0FBD6CE248E51D30050A1D9 /* Base */ = {isa = PBXFileReference; lastKnownFileType = file.storyboard; name = Base; path = Base.lproj/LaunchScreen.storyboard; sourceTree = "<group>"; };
		D0FBD6D0248E51D30050A1D9 /* Info.plist */ = {isa = PBXFileReference; lastKnownFileType = text.plist.xml; path = Info.plist; sourceTree = "<group>"; };
		D0FBD6DA248E527E0050A1D9 /* ScreenRecorderExtension.appex */ = {isa = PBXFileReference; explicitFileType = "wrapper.app-extension"; includeInIndex = 0; path = ScreenRecorderExtension.appex; sourceTree = BUILT_PRODUCTS_DIR; };
		D0FBD6DC248E527E0050A1D9 /* ReplayKit.framework */ = {isa = PBXFileReference; lastKnownFileType = wrapper.framework; name = ReplayKit.framework; path = System/Library/Frameworks/ReplayKit.framework; sourceTree = SDKROOT; };
		D0FBD6DF248E527F0050A1D9 /* SampleHandler.swift */ = {isa = PBXFileReference; lastKnownFileType = sourcecode.swift; path = SampleHandler.swift; sourceTree = "<group>"; };
		D0FBD6E1248E527F0050A1D9 /* Info.plist */ = {isa = PBXFileReference; lastKnownFileType = text.plist.xml; path = Info.plist; sourceTree = "<group>"; };
/* End PBXFileReference section */

/* Begin PBXFrameworksBuildPhase section */
		D0FBD6BC248E51D00050A1D9 /* Frameworks */ = {
			isa = PBXFrameworksBuildPhase;
			buildActionMask = 2147483647;
			files = (
			);
			runOnlyForDeploymentPostprocessing = 0;
		};
		D0FBD6D7248E527E0050A1D9 /* Frameworks */ = {
			isa = PBXFrameworksBuildPhase;
			buildActionMask = 2147483647;
			files = (
				D0FBD6DD248E527F0050A1D9 /* ReplayKit.framework in Frameworks */,
			);
			runOnlyForDeploymentPostprocessing = 0;
		};
/* End PBXFrameworksBuildPhase section */

/* Begin PBXGroup section */
		D0FBD6B6248E51D00050A1D9 = {
			isa = PBXGroup;
			children = (
				D0FBD6C1248E51D00050A1D9 /* ScreenRecorderTest */,
				D0FBD6DE248E527F0050A1D9 /* ScreenRecorderExtension */,
				D0FBD6DB248E527E0050A1D9 /* Frameworks */,
				D0FBD6C0248E51D00050A1D9 /* Products */,
			);
			sourceTree = "<group>";
		};
		D0FBD6C0248E51D00050A1D9 /* Products */ = {
			isa = PBXGroup;
			children = (
				D0FBD6BF248E51D00050A1D9 /* ScreenRecorderTest.app */,
				D0FBD6DA248E527E0050A1D9 /* ScreenRecorderExtension.appex */,
			);
			name = Products;
			sourceTree = "<group>";
		};
		D0FBD6C1248E51D00050A1D9 /* ScreenRecorderTest */ = {
			isa = PBXGroup;
			children = (
				D0FBD6C2248E51D00050A1D9 /* AppDelegate.swift */,
				D0FBD6C4248E51D00050A1D9 /* SceneDelegate.swift */,
				D0FBD6C6248E51D00050A1D9 /* ViewController.swift */,
				D0FBD6C8248E51D00050A1D9 /* Main.storyboard */,
				D0FBD6CB248E51D30050A1D9 /* Assets.xcassets */,
				D0FBD6CD248E51D30050A1D9 /* LaunchScreen.storyboard */,
				D0FBD6D0248E51D30050A1D9 /* Info.plist */,
			);
			path = ScreenRecorderTest;
			sourceTree = "<group>";
		};
		D0FBD6DB248E527E0050A1D9 /* Frameworks */ = {
			isa = PBXGroup;
			children = (
				D0FBD6DC248E527E0050A1D9 /* ReplayKit.framework */,
			);
			name = Frameworks;
			sourceTree = "<group>";
		};
		D0FBD6DE248E527F0050A1D9 /* ScreenRecorderExtension */ = {
			isa = PBXGroup;
			children = (
				D0FBD6DF248E527F0050A1D9 /* SampleHandler.swift */,
				D0FBD6E1248E527F0050A1D9 /* Info.plist */,
			);
			path = ScreenRecorderExtension;
			sourceTree = "<group>";
		};
/* End PBXGroup section */

/* Begin PBXNativeTarget section */
		D0FBD6BE248E51D00050A1D9 /* ScreenRecorderTest */ = {
			isa = PBXNativeTarget;
			buildConfigurationList = D0FBD6D3248E51D30050A1D9 /* Build configuration list for PBXNativeTarget "ScreenRecorderTest" */;
			buildPhases = (
				D0FBD6BB248E51D00050A1D9 /* Sources */,
				D0FBD6BC248E51D00050A1D9 /* Frameworks */,
				D0FBD6BD248E51D00050A1D9 /* Resources */,
				D0FBD6E8248E527F0050A1D9 /* Embed App Extensions */,
			);
			buildRules = (
			);
			dependencies = (
				D0FBD6E3248E527F0050A1D9 /* PBXTargetDependency */,
			);
			name = ScreenRecorderTest;
			productName = ScreenRecorderTest;
			productReference = D0FBD6BF248E51D00050A1D9 /* ScreenRecorderTest.app */;
			productType = "com.apple.product-type.application";
		};
		D0FBD6D9248E527E0050A1D9 /* ScreenRecorderExtension */ = {
			isa = PBXNativeTarget;
			buildConfigurationList = D0FBD6E5248E527F0050A1D9 /* Build configuration list for PBXNativeTarget "ScreenRecorderExtension" */;
			buildPhases = (
				D0FBD6D6248E527E0050A1D9 /* Sources */,
				D0FBD6D7248E527E0050A1D9 /* Frameworks */,
				D0FBD6D8248E527E0050A1D9 /* Resources */,
			);
			buildRules = (
			);
			dependencies = (
			);
			name = ScreenRecorderExtension;
			productName = ScreenRecorderExtension;
			productReference = D0FBD6DA248E527E0050A1D9 /* ScreenRecorderExtension.appex */;
			productType = "com.apple.product-type.app-extension";
		};
/* End PBXNativeTarget section */

/* Begin PBXProject section */
		D0FBD6B7248E51D00050A1D9 /* Project object */ = {
			isa = PBXProject;
			attributes = {
				LastSwiftUpdateCheck = 1140;
				LastUpgradeCheck = 1140;
				ORGANIZATIONNAME = "PlaytestCloud GmbH";
				TargetAttributes = {
					D0FBD6BE248E51D00050A1D9 = {
						CreatedOnToolsVersion = 11.4;
					};
					D0FBD6D9248E527E0050A1D9 = {
						CreatedOnToolsVersion = 11.4;
					};
				};
			};
			buildConfigurationList = D0FBD6BA248E51D00050A1D9 /* Build configuration list for PBXProject "ScreenRecorderTest" */;
			compatibilityVersion = "Xcode 9.3";
			developmentRegion = en;
			hasScannedForEncodings = 0;
			knownRegions = (
				en,
				Base,
			);
			mainGroup = D0FBD6B6248E51D00050A1D9;
			productRefGroup = D0FBD6C0248E51D00050A1D9 /* Products */;
			projectDirPath = "";
			projectRoot = "";
			targets = (
				D0FBD6BE248E51D00050A1D9 /* ScreenRecorderTest */,
				D0FBD6D9248E527E0050A1D9 /* ScreenRecorderExtension */,
			);
		};
/* End PBXProject section */

/* Begin PBXResourcesBuildPhase section */
		D0FBD6BD248E51D00050A1D9 /* Resources */ = {
			isa = PBXResourcesBuildPhase;
			buildActionMask = 2147483647;
			files = (
				D0FBD6CF248E51D30050A1D9 /* LaunchScreen.storyboard in Resources */,
				D0FBD6CC248E51D30050A1D9 /* Assets.xcassets in Resources */,
				D0FBD6CA248E51D00050A1D9 /* Main.storyboard in Resources */,
			);
			runOnlyForDeploymentPostprocessing = 0;
		};
		D0FBD6D8248E527E0050A1D9 /* Resources */ = {
			isa = PBXResourcesBuildPhase;
			buildActionMask = 2147483647;
			files = (
			);
			runOnlyForDeploymentPostprocessing = 0;
		};
/* End PBXResourcesBuildPhase section */

/* Begin PBXSourcesBuildPhase section */
		D0FBD6BB248E51D00050A1D9 /* Sources */ = {
			isa = PBXSourcesBuildPhase;
			buildActionMask = 2147483647;
			files = (
				D0FBD6C7248E51D00050A1D9 /* ViewController.swift in Sources */,
				D0FBD6C3248E51D00050A1D9 /* AppDelegate.swift in Sources */,
				D0FBD6C5248E51D00050A1D9 /* SceneDelegate.swift in Sources */,
			);
			runOnlyForDeploymentPostprocessing = 0;
		};
		D0FBD6D6248E527E0050A1D9 /* Sources */ = {
			isa = PBXSourcesBuildPhase;
			buildActionMask = 2147483647;
			files = (
				D0FBD6E0248E527F0050A1D9 /* SampleHandler.swift in Sources */,
			);
			runOnlyForDeploymentPostprocessing = 0;
		};
/* End PBXSourcesBuildPhase section */

/* Begin PBXTargetDependency section */
		D0FBD6E3248E527F0050A1D9 /* PBXTargetDependency */ = {
			isa = PBXTargetDependency;
			target = D0FBD6D9248E527E0050A1D9 /* ScreenRecorderExtension */;
			targetProxy = D0FBD6E2248E527F0050A1D9 /* PBXContainerItemProxy */;
		};
/* End PBXTargetDependency section */

/* Begin PBXVariantGroup section */
		D0FBD6C8248E51D00050A1D9 /* Main.storyboard */ = {
			isa = PBXVariantGroup;
			children = (
				D0FBD6C9248E51D00050A1D9 /* Base */,
			);
			name = Main.storyboard;
			sourceTree = "<group>";
		};
		D0FBD6CD248E51D30050A1D9 /* LaunchScreen.storyboard */ = {
			isa = PBXVariantGroup;
			children = (
				D0FBD6CE248E51D30050A1D9 /* Base */,
			);
			name = LaunchScreen.storyboard;
			sourceTree = "<group>";
		};
/* End PBXVariantGroup section */

/* Begin XCBuildConfiguration section */
		D0FBD6D1248E51D30050A1D9 /* Debug */ = {
			isa = XCBuildConfiguration;
			buildSettings = {
				ALWAYS_SEARCH_USER_PATHS = NO;
				CLANG_ANALYZER_NONNULL = YES;
				CLANG_ANALYZER_NUMBER_OBJECT_CONVERSION = YES_AGGRESSIVE;
				CLANG_CXX_LANGUAGE_STANDARD = "gnu++14";
				CLANG_CXX_LIBRARY = "libc++";
				CLANG_ENABLE_MODULES = YES;
				CLANG_ENABLE_OBJC_ARC = YES;
				CLANG_ENABLE_OBJC_WEAK = YES;
				CLANG_WARN_BLOCK_CAPTURE_AUTORELEASING = YES;
				CLANG_WARN_BOOL_CONVERSION = YES;
				CLANG_WARN_COMMA = YES;
				CLANG_WARN_CONSTANT_CONVERSION = YES;
				CLANG_WARN_DEPRECATED_OBJC_IMPLEMENTATIONS = YES;
				CLANG_WARN_DIRECT_OBJC_ISA_USAGE = YES_ERROR;
				CLANG_WARN_DOCUMENTATION_COMMENTS = YES;
				CLANG_WARN_EMPTY_BODY = YES;
				CLANG_WARN_ENUM_CONVERSION = YES;
				CLANG_WARN_INFINITE_RECURSION = YES;
				CLANG_WARN_INT_CONVERSION = YES;
				CLANG_WARN_NON_LITERAL_NULL_CONVERSION = YES;
				CLANG_WARN_OBJC_IMPLICIT_RETAIN_SELF = YES;
				CLANG_WARN_OBJC_LITERAL_CONVERSION = YES;
				CLANG_WARN_OBJC_ROOT_CLASS = YES_ERROR;
				CLANG_WARN_RANGE_LOOP_ANALYSIS = YES;
				CLANG_WARN_STRICT_PROTOTYPES = YES;
				CLANG_WARN_SUSPICIOUS_MOVE = YES;
				CLANG_WARN_UNGUARDED_AVAILABILITY = YES_AGGRESSIVE;
				CLANG_WARN_UNREACHABLE_CODE = YES;
				CLANG_WARN__DUPLICATE_METHOD_MATCH = YES;
				COPY_PHASE_STRIP = NO;
				DEBUG_INFORMATION_FORMAT = dwarf;
				ENABLE_STRICT_OBJC_MSGSEND = YES;
				ENABLE_TESTABILITY = YES;
				GCC_C_LANGUAGE_STANDARD = gnu11;
				GCC_DYNAMIC_NO_PIC = NO;
				GCC_NO_COMMON_BLOCKS = YES;
				GCC_OPTIMIZATION_LEVEL = 0;
				GCC_PREPROCESSOR_DEFINITIONS = (
					"DEBUG=1",
					"$(inherited)",
				);
				GCC_WARN_64_TO_32_BIT_CONVERSION = YES;
				GCC_WARN_ABOUT_RETURN_TYPE = YES_ERROR;
				GCC_WARN_UNDECLARED_SELECTOR = YES;
				GCC_WARN_UNINITIALIZED_AUTOS = YES_AGGRESSIVE;
				GCC_WARN_UNUSED_FUNCTION = YES;
				GCC_WARN_UNUSED_VARIABLE = YES;
				IPHONEOS_DEPLOYMENT_TARGET = 13.4;
				MTL_ENABLE_DEBUG_INFO = INCLUDE_SOURCE;
				MTL_FAST_MATH = YES;
				ONLY_ACTIVE_ARCH = YES;
				SDKROOT = iphoneos;
				SWIFT_ACTIVE_COMPILATION_CONDITIONS = DEBUG;
				SWIFT_OPTIMIZATION_LEVEL = "-Onone";
			};
			name = Debug;
		};
		D0FBD6D2248E51D30050A1D9 /* Release */ = {
			isa = XCBuildConfiguration;
			buildSettings = {
				ALWAYS_SEARCH_USER_PATHS = NO;
				CLANG_ANALYZER_NONNULL = YES;
				CLANG_ANALYZER_NUMBER_OBJECT_CONVERSION = YES_AGGRESSIVE;
				CLANG_CXX_LANGUAGE_STANDARD = "gnu++14";
				CLANG_CXX_LIBRARY = "libc++";
				CLANG_ENABLE_MODULES = YES;
				CLANG_ENABLE_OBJC_ARC = YES;
				CLANG_ENABLE_OBJC_WEAK = YES;
				CLANG_WARN_BLOCK_CAPTURE_AUTORELEASING = YES;
				CLANG_WARN_BOOL_CONVERSION = YES;
				CLANG_WARN_COMMA = YES;
				CLANG_WARN_CONSTANT_CONVERSION = YES;
				CLANG_WARN_DEPRECATED_OBJC_IMPLEMENTATIONS = YES;
				CLANG_WARN_DIRECT_OBJC_ISA_USAGE = YES_ERROR;
				CLANG_WARN_DOCUMENTATION_COMMENTS = YES;
				CLANG_WARN_EMPTY_BODY = YES;
				CLANG_WARN_ENUM_CONVERSION = YES;
				CLANG_WARN_INFINITE_RECURSION = YES;
				CLANG_WARN_INT_CONVERSION = YES;
				CLANG_WARN_NON_LITERAL_NULL_CONVERSION = YES;
				CLANG_WARN_OBJC_IMPLICIT_RETAIN_SELF = YES;
				CLANG_WARN_OBJC_LITERAL_CONVERSION = YES;
				CLANG_WARN_OBJC_ROOT_CLASS = YES_ERROR;
				CLANG_WARN_RANGE_LOOP_ANALYSIS = YES;
				CLANG_WARN_STRICT_PROTOTYPES = YES;
				CLANG_WARN_SUSPICIOUS_MOVE = YES;
				CLANG_WARN_UNGUARDED_AVAILABILITY = YES_AGGRESSIVE;
				CLANG_WARN_UNREACHABLE_CODE = YES;
				CLANG_WARN__DUPLICATE_METHOD_MATCH = YES;
				COPY_PHASE_STRIP = NO;
				DEBUG_INFORMATION_FORMAT = "dwarf-with-dsym";
				ENABLE_NS_ASSERTIONS = NO;
				ENABLE_STRICT_OBJC_MSGSEND = YES;
				GCC_C_LANGUAGE_STANDARD = gnu11;
				GCC_NO_COMMON_BLOCKS = YES;
				GCC_WARN_64_TO_32_BIT_CONVERSION = YES;
				GCC_WARN_ABOUT_RETURN_TYPE = YES_ERROR;
				GCC_WARN_UNDECLARED_SELECTOR = YES;
				GCC_WARN_UNINITIALIZED_AUTOS = YES_AGGRESSIVE;
				GCC_WARN_UNUSED_FUNCTION = YES;
				GCC_WARN_UNUSED_VARIABLE = YES;
				IPHONEOS_DEPLOYMENT_TARGET = 13.4;
				MTL_ENABLE_DEBUG_INFO = NO;
				MTL_FAST_MATH = YES;
				SDKROOT = iphoneos;
				SWIFT_COMPILATION_MODE = wholemodule;
				SWIFT_OPTIMIZATION_LEVEL = "-O";
				VALIDATE_PRODUCT = YES;
			};
			name = Release;
		};
		D0FBD6D4248E51D30050A1D9 /* Debug */ = {
			isa = XCBuildConfiguration;
			buildSettings = {
				ALWAYS_EMBED_SWIFT_STANDARD_LIBRARIES = YES;
				ASSETCATALOG_COMPILER_APPICON_NAME = AppIcon;
				CODE_SIGN_STYLE = Automatic;
				DEVELOPMENT_TEAM = XQN7CFG87J;
				INFOPLIST_FILE = ScreenRecorderTest/Info.plist;
				LD_RUNPATH_SEARCH_PATHS = (
					"$(inherited)",
					"@executable_path/Frameworks",
				);
				PRODUCT_BUNDLE_IDENTIFIER = com.playtestcloud.ScreenRecorderTest;
				PRODUCT_NAME = "$(TARGET_NAME)";
				SWIFT_VERSION = 5.0;
				TARGETED_DEVICE_FAMILY = "1,2";
			};
			name = Debug;
		};
		D0FBD6D5248E51D30050A1D9 /* Release */ = {
			isa = XCBuildConfiguration;
			buildSettings = {
				ALWAYS_EMBED_SWIFT_STANDARD_LIBRARIES = YES;
				ASSETCATALOG_COMPILER_APPICON_NAME = AppIcon;
				CODE_SIGN_STYLE = Automatic;
				DEVELOPMENT_TEAM = XQN7CFG87J;
				INFOPLIST_FILE = ScreenRecorderTest/Info.plist;
				LD_RUNPATH_SEARCH_PATHS = (
					"$(inherited)",
					"@executable_path/Frameworks",
				);
				PRODUCT_BUNDLE_IDENTIFIER = com.playtestcloud.ScreenRecorderTest;
				PRODUCT_NAME = "$(TARGET_NAME)";
				SWIFT_VERSION = 5.0;
				TARGETED_DEVICE_FAMILY = "1,2";
			};
			name = Release;
		};
		D0FBD6E6248E527F0050A1D9 /* Debug */ = {
			isa = XCBuildConfiguration;
			buildSettings = {
				CODE_SIGN_STYLE = Automatic;
				DEVELOPMENT_TEAM = "";
				INFOPLIST_FILE = ScreenRecorderExtension/Info.plist;
				LD_RUNPATH_SEARCH_PATHS = (
					"$(inherited)",
					"@executable_path/Frameworks",
					"@executable_path/../../Frameworks",
				);
				PRODUCT_BUNDLE_IDENTIFIER = com.playtestcloud.ScreenRecorderTest.ScreenRecorderExtension;
				PRODUCT_NAME = "$(TARGET_NAME)";
				SKIP_INSTALL = YES;
				SWIFT_VERSION = 5.0;
				TARGETED_DEVICE_FAMILY = "1,2";
			};
			name = Debug;
		};
		D0FBD6E7248E527F0050A1D9 /* Release */ = {
			isa = XCBuildConfiguration;
			buildSettings = {
				CODE_SIGN_STYLE = Automatic;
				DEVELOPMENT_TEAM = "";
				INFOPLIST_FILE = ScreenRecorderExtension/Info.plist;
				LD_RUNPATH_SEARCH_PATHS = (
					"$(inherited)",
					"@executable_path/Frameworks",
					"@executable_path/../../Frameworks",
				);
				PRODUCT_BUNDLE_IDENTIFIER = com.playtestcloud.ScreenRecorderTest.ScreenRecorderExtension;
				PRODUCT_NAME = "$(TARGET_NAME)";
				SKIP_INSTALL = YES;
				SWIFT_VERSION = 5.0;
				TARGETED_DEVICE_FAMILY = "1,2";
			};
			name = Release;
		};
/* End XCBuildConfiguration section */

/* Begin XCConfigurationList section */
		D0FBD6BA248E51D00050A1D9 /* Build configuration list for PBXProject "ScreenRecorderTest" */ = {
			isa = XCConfigurationList;
			buildConfigurations = (
				D0FBD6D1248E51D30050A1D9 /* Debug */,
				D0FBD6D2248E51D30050A1D9 /* Release */,
			);
			defaultConfigurationIsVisible = 0;
			defaultConfigurationName = Release;
		};
		D0FBD6D3248E51D30050A1D9 /* Build configuration list for PBXNativeTarget "ScreenRecorderTest" */ = {
			isa = XCConfigurationList;
			buildConfigurations = (
				D0FBD6D4248E51D30050A1D9 /* Debug */,
				D0FBD6D5248E51D30050A1D9 /* Release */,
			);
			defaultConfigurationIsVisible = 0;
			defaultConfigurationName = Release;
		};
		D0FBD6E5248E527F0050A1D9 /* Build configuration list for PBXNativeTarget "ScreenRecorderExtension" */ = {
			isa = XCConfigurationList;
			buildConfigurations = (
				D0FBD6E6248E527F0050A1D9 /* Debug */,
				D0FBD6E7248E527F0050A1D9 /* Release */,
			);
			defaultConfigurationIsVisible = 0;
			defaultConfigurationName = Release;
		};
/* End XCConfigurationList section */
	};
	rootObject = D0FBD6B7248E51D00050A1D9 /* Project object */;
}
